
Microsoft Visual Studio Solution File, Format Version 12.00
# Visual Studio Version 17
VisualStudioVersion = 17.11.35208.52
MinimumVisualStudioVersion = 10.0.40219.1
Project("{FAE04EC0-301F-11D3-BF4B-00C04F79EFBC}") = "14_09_24", "14_09_24.csproj", "{7AC1E6A8-AC04-4246-9338-1C73BF90ED01}"
EndProject
Global
	GlobalSection(SolutionConfigurationPlatforms) = preSolution
		Debug|Any CPU = Debug|Any CPU
		Release|Any CPU = Release|Any CPU
	EndGlobalSection
	GlobalSection(ProjectConfigurationPlatforms) = postSolution
		{7AC1E6A8-AC04-4246-9338-1C73BF90ED01}.Debug|Any CPU.ActiveCfg = Debug|Any CPU
		{7AC1E6A8-AC04-4246-9338-1C73BF90ED01}.Debug|Any CPU.Build.0 = Debug|Any CPU
		{7AC1E6A8-AC04-4246-9338-1C73BF90ED01}.Release|Any CPU.ActiveCfg = Release|Any CPU
		{7AC1E6A8-AC04-4246-9338-1C73BF90ED01}.Release|Any CPU.Build.0 = Release|Any CPU
	EndGlobalSection
	GlobalSection(SolutionProperties) = preSolution
		HideSolutionNode = FALSE
	EndGlobalSection
	GlobalSection(ExtensibilityGlobals) = postSolution
		SolutionGuid = {DD513995-B173-4E2D-9094-49A556DE263D}
	EndGlobalSection
EndGlobal
